
Microsoft Visual Studio Solution File, Format Version 12.00
# Visual Studio Version 17
VisualStudioVersion = 17.6.33723.286
MinimumVisualStudioVersion = 10.0.40219.1
Project("{FAE04EC0-301F-11D3-BF4B-00C04F79EFBC}") = "Notes", "Notes\Notes.csproj", "{80D3EF9A-885B-44F0-B775-D45B45FFB97D}"
EndProject
Global
	GlobalSection(SolutionConfigurationPlatforms) = preSolution
		Debug|Any CPU = Debug|Any CPU
		Release|Any CPU = Release|Any CPU
	EndGlobalSection
	GlobalSection(ProjectConfigurationPlatforms) = postSolution
		{80D3EF9A-885B-44F0-B775-D45B45FFB97D}.Debug|Any CPU.ActiveCfg = Debug|Any CPU
		{80D3EF9A-885B-44F0-B775-D45B45FFB97D}.Debug|Any CPU.Build.0 = Debug|Any CPU
		{80D3EF9A-885B-44F0-B775-D45B45FFB97D}.Release|Any CPU.ActiveCfg = Release|Any CPU
		{80D3EF9A-885B-44F0-B775-D45B45FFB97D}.Release|Any CPU.Build.0 = Release|Any CPU
	EndGlobalSection
	GlobalSection(SolutionProperties) = preSolution
		HideSolutionNode = FALSE
	EndGlobalSection
	GlobalSection(ExtensibilityGlobals) = postSolution
		SolutionGuid = {CAB260D4-CD86-46CF-8F63-110B8D2E1E79}
	EndGlobalSection
EndGlobal
